
Microsoft Visual Studio Solution File, Format Version 12.00
# Visual Studio Version 17
VisualStudioVersion = 17.11.35222.181
MinimumVisualStudioVersion = 10.0.40219.1
Project("{8BC9CEB8-8B4A-11D0-8D11-00A0C91BC942}") = "DennisLibrary", "DennisLibrary\DennisLibrary.vcxproj", "{26EA97F1-E169-451F-B0A2-1CEBAF423A93}"
EndProject
Project("{8BC9CEB8-8B4A-11D0-8D11-00A0C91BC942}") = "DennisClient", "DennisClient\DennisClient.vcxproj", "{8F66068B-4907-481A-8ECC-81479D4EF554}"
EndProject
Global
	GlobalSection(SolutionConfigurationPlatforms) = preSolution
		Debug|x64 = Debug|x64
		Debug|x86 = Debug|x86
		Release|x64 = Release|x64
		Release|x86 = Release|x86
	EndGlobalSection
	GlobalSection(ProjectConfigurationPlatforms) = postSolution
		{26EA97F1-E169-451F-B0A2-1CEBAF423A93}.Debug|x64.ActiveCfg = Debug|x64
		{26EA97F1-E169-451F-B0A2-1CEBAF423A93}.Debug|x64.Build.0 = Debug|x64
		{26EA97F1-E169-451F-B0A2-1CEBAF423A93}.Debug|x86.ActiveCfg = Debug|Win32
		{26EA97F1-E169-451F-B0A2-1CEBAF423A93}.Debug|x86.Build.0 = Debug|Win32
		{26EA97F1-E169-451F-B0A2-1CEBAF423A93}.Release|x64.ActiveCfg = Release|x64
		{26EA97F1-E169-451F-B0A2-1CEBAF423A93}.Release|x64.Build.0 = Release|x64
		{26EA97F1-E169-451F-B0A2-1CEBAF423A93}.Release|x86.ActiveCfg = Release|Win32
		{26EA97F1-E169-451F-B0A2-1CEBAF423A93}.Release|x86.Build.0 = Release|Win32
		{8F66068B-4907-481A-8ECC-81479D4EF554}.Debug|x64.ActiveCfg = Debug|x64
		{8F66068B-4907-481A-8ECC-81479D4EF554}.Debug|x64.Build.0 = Debug|x64
		{8F66068B-4907-481A-8ECC-81479D4EF554}.Debug|x86.ActiveCfg = Debug|Win32
		{8F66068B-4907-481A-8ECC-81479D4EF554}.Debug|x86.Build.0 = Debug|Win32
		{8F66068B-4907-481A-8ECC-81479D4EF554}.Release|x64.ActiveCfg = Release|x64
		{8F66068B-4907-481A-8ECC-81479D4EF554}.Release|x64.Build.0 = Release|x64
		{8F66068B-4907-481A-8ECC-81479D4EF554}.Release|x86.ActiveCfg = Release|Win32
		{8F66068B-4907-481A-8ECC-81479D4EF554}.Release|x86.Build.0 = Release|Win32
	EndGlobalSection
	GlobalSection(SolutionProperties) = preSolution
		HideSolutionNode = FALSE
	EndGlobalSection
	GlobalSection(ExtensibilityGlobals) = postSolution
		SolutionGuid = {145D379F-05E7-4E20-8844-031F22C5378C}
	EndGlobalSection
EndGlobal
